
Microsoft Visual Studio Solution File, Format Version 12.00
# Visual Studio Version 17
VisualStudioVersion = 17.14.37301.10 d17.14
MinimumVisualStudioVersion = 10.0.40219.1
Project("{FAE04EC0-301F-11D3-BF4B-00C04F79EFBC}") = "StudyHub.Web", "StudyHub.Web.csproj", "{B49F7B49-6540-D962-758F-62366AC1013E}"
EndProject
Global
	GlobalSection(SolutionConfigurationPlatforms) = preSolution
		Debug|Any CPU = Debug|Any CPU
		Release|Any CPU = Release|Any CPU
	EndGlobalSection
	GlobalSection(ProjectConfigurationPlatforms) = postSolution
		{B49F7B49-6540-D962-758F-62366AC1013E}.Debug|Any CPU.ActiveCfg = Debug|Any CPU
		{B49F7B49-6540-D962-758F-62366AC1013E}.Debug|Any CPU.Build.0 = Debug|Any CPU
		{B49F7B49-6540-D962-758F-62366AC1013E}.Release|Any CPU.ActiveCfg = Release|Any CPU
		{B49F7B49-6540-D962-758F-62366AC1013E}.Release|Any CPU.Build.0 = Release|Any CPU
	EndGlobalSection
	GlobalSection(SolutionProperties) = preSolution
		HideSolutionNode = FALSE
	EndGlobalSection
	GlobalSection(ExtensibilityGlobals) = postSolution
		SolutionGuid = {FC9197BD-895D-4C67-97BB-915AAC93B984}
	EndGlobalSection
EndGlobal
